
Microsoft Visual Studio Solution File, Format Version 12.00
# Visual Studio Version 17
VisualStudioVersion = 17.9.34607.119
MinimumVisualStudioVersion = 10.0.40219.1
Project("{F184B08F-C81C-45F6-A57F-5ABD9991F28F}") = "Nabre.activity2", "Nabre.activity2\Nabre.activity2.vbproj", "{6771FA6D-E657-469B-8F53-635B638627A2}"
EndProject
Global
	GlobalSection(SolutionConfigurationPlatforms) = preSolution
		Debug|Any CPU = Debug|Any CPU
		Release|Any CPU = Release|Any CPU
	EndGlobalSection
	GlobalSection(ProjectConfigurationPlatforms) = postSolution
		{6771FA6D-E657-469B-8F53-635B638627A2}.Debug|Any CPU.ActiveCfg = Debug|Any CPU
		{6771FA6D-E657-469B-8F53-635B638627A2}.Debug|Any CPU.Build.0 = Debug|Any CPU
		{6771FA6D-E657-469B-8F53-635B638627A2}.Release|Any CPU.ActiveCfg = Release|Any CPU
		{6771FA6D-E657-469B-8F53-635B638627A2}.Release|Any CPU.Build.0 = Release|Any CPU
	EndGlobalSection
	GlobalSection(SolutionProperties) = preSolution
		HideSolutionNode = FALSE
	EndGlobalSection
	GlobalSection(ExtensibilityGlobals) = postSolution
		SolutionGuid = {EBC4C881-86CC-4D06-B8DE-43FFFCBA4BD3}
	EndGlobalSection
EndGlobal
